{
  "nodes": {
    "bend": {
      "inputs": {
        "nixpkgs": [
          "nixpkgs"
        ]
      },
      "locked": {
        "lastModified": 1790169676,
        "narHash": "sha256-yhFhBVssGjTAYYfc9y5EbMj7HVTPo4NQkEjxewWv7p8=",
        "owner": "bendlang",
        "repo": "bend",
        "rev": "6a77e1246c351055cb15031267a7c76c87036cbc",
        "type": "github"
      },
      "original": {
        "owner": "bendlang",
        "repo": "bend",
        "type": "github"
      }
    },
    "ez": {
      "inputs": {
        "bend": [
          "bend"
        ],
        "nixpkgs": [
          "nixpkgs"
        ]
      },
      "locked": {
        "lastModified": 1790253883,
        "narHash": "sha256-9Qat0KR0QwiFTYyojAYQTWDmMxVW6cUQVAFwpLxsp9M=",
        "owner": "Emerging-Patterns",
        "repo": "ez",
        "rev": "df6d61683c3a20767ad87f89bfa5f446a5075a02",
        "type": "github"
      },
      "original": {
        "owner": "Emerging-Patterns",
        "repo": "ez",
        "type": "github"
      }
    },
    "nixpkgs": {
      "locked": {
        "lastModified": 1789546076,
        "narHash": "sha256-zVxLZiSnmaaPLwnhj7pwmqe3axBg/C6nG5JZsJMh2g4=",
        "owner": "NixOS",
        "repo": "nixpkgs",
        "rev": "b1b875982b17dabde9b4a37f3e229e74913e6db3",
        "type": "github"
      },
      "original": {
        "owner": "NixOS",
        "ref": "nixos-unstable",
        "repo": "nixpkgs",
        "type": "github"
      }
    },
    "root": {
      "inputs": {
        "bend": "bend",
        "ez": "ez",
        "nixpkgs": "nixpkgs"
      }
    }
  },
  "root": "root",
  "version": 7
}
